
Microsoft Visual Studio Solution File, Format Version 12.00
# Visual Studio 14
VisualStudioVersion = 14.0.25420.1
MinimumVisualStudioVersion = 10.0.40219.1
Project("{FAE04EC0-301F-11D3-BF4B-00C04F79EFBC}") = "Catalog", "Catalog\Catalog.csproj", "{D37597FE-B925-4C4C-AFE0-A13DE54D82B4}"
EndProject
Project("{FAE04EC0-301F-11D3-BF4B-00C04F79EFBC}") = "MediaLibrary", "MediaLibrary\MediaLibrary.csproj", "{25414431-23CC-4CB3-B2E2-CABDDFF5596E}"
EndProject
Project("{FAE04EC0-301F-11D3-BF4B-00C04F79EFBC}") = "Data", "Data\Data.csproj", "{95E13397-E70B-4421-853F-106A2DCF262B}"
EndProject
Project("{FAE04EC0-301F-11D3-BF4B-00C04F79EFBC}") = "MediaLibraryTests", "MediaLibraryTests\MediaLibraryTests.csproj", "{0EB8023F-02A1-4D1E-BB63-BF5DF847520A}"
EndProject
Project("{FAE04EC0-301F-11D3-BF4B-00C04F79EFBC}") = "ToolBox", "ToolBox\ToolBox.csproj", "{331709DB-2A63-404C-BC71-F44A5EFDCE60}"
EndProject
Global
	GlobalSection(SolutionConfigurationPlatforms) = preSolution
		Contract|Any CPU = Contract|Any CPU
		Debug|Any CPU = Debug|Any CPU
		Release|Any CPU = Release|Any CPU
		Test|Any CPU = Test|Any CPU
	EndGlobalSection
	GlobalSection(ProjectConfigurationPlatforms) = postSolution
		{D37597FE-B925-4C4C-AFE0-A13DE54D82B4}.Contract|Any CPU.ActiveCfg = Release|Any CPU
		{D37597FE-B925-4C4C-AFE0-A13DE54D82B4}.Contract|Any CPU.Build.0 = Release|Any CPU
		{D37597FE-B925-4C4C-AFE0-A13DE54D82B4}.Debug|Any CPU.ActiveCfg = Debug|Any CPU
		{D37597FE-B925-4C4C-AFE0-A13DE54D82B4}.Debug|Any CPU.Build.0 = Debug|Any CPU
		{D37597FE-B925-4C4C-AFE0-A13DE54D82B4}.Release|Any CPU.ActiveCfg = Release|Any CPU
		{D37597FE-B925-4C4C-AFE0-A13DE54D82B4}.Release|Any CPU.Build.0 = Release|Any CPU
		{D37597FE-B925-4C4C-AFE0-A13DE54D82B4}.Test|Any CPU.ActiveCfg = Release|Any CPU
		{D37597FE-B925-4C4C-AFE0-A13DE54D82B4}.Test|Any CPU.Build.0 = Release|Any CPU
		{25414431-23CC-4CB3-B2E2-CABDDFF5596E}.Contract|Any CPU.ActiveCfg = Release|Any CPU
		{25414431-23CC-4CB3-B2E2-CABDDFF5596E}.Contract|Any CPU.Build.0 = Release|Any CPU
		{25414431-23CC-4CB3-B2E2-CABDDFF5596E}.Debug|Any CPU.ActiveCfg = Debug|Any CPU
		{25414431-23CC-4CB3-B2E2-CABDDFF5596E}.Debug|Any CPU.Build.0 = Debug|Any CPU
		{25414431-23CC-4CB3-B2E2-CABDDFF5596E}.Release|Any CPU.ActiveCfg = Release|Any CPU
		{25414431-23CC-4CB3-B2E2-CABDDFF5596E}.Release|Any CPU.Build.0 = Release|Any CPU
		{25414431-23CC-4CB3-B2E2-CABDDFF5596E}.Test|Any CPU.ActiveCfg = Release|Any CPU
		{25414431-23CC-4CB3-B2E2-CABDDFF5596E}.Test|Any CPU.Build.0 = Release|Any CPU
		{95E13397-E70B-4421-853F-106A2DCF262B}.Contract|Any CPU.ActiveCfg = Release|Any CPU
		{95E13397-E70B-4421-853F-106A2DCF262B}.Contract|Any CPU.Build.0 = Release|Any CPU
		{95E13397-E70B-4421-853F-106A2DCF262B}.Debug|Any CPU.ActiveCfg = Debug|Any CPU
		{95E13397-E70B-4421-853F-106A2DCF262B}.Debug|Any CPU.Build.0 = Debug|Any CPU
		{95E13397-E70B-4421-853F-106A2DCF262B}.Release|Any CPU.ActiveCfg = Release|Any CPU
		{95E13397-E70B-4421-853F-106A2DCF262B}.Release|Any CPU.Build.0 = Release|Any CPU
		{95E13397-E70B-4421-853F-106A2DCF262B}.Test|Any CPU.ActiveCfg = Release|Any CPU
		{95E13397-E70B-4421-853F-106A2DCF262B}.Test|Any CPU.Build.0 = Release|Any CPU
		{0EB8023F-02A1-4D1E-BB63-BF5DF847520A}.Contract|Any CPU.ActiveCfg = Release|Any CPU
		{0EB8023F-02A1-4D1E-BB63-BF5DF847520A}.Contract|Any CPU.Build.0 = Release|Any CPU
		{0EB8023F-02A1-4D1E-BB63-BF5DF847520A}.Debug|Any CPU.ActiveCfg = Debug|Any CPU
		{0EB8023F-02A1-4D1E-BB63-BF5DF847520A}.Debug|Any CPU.Build.0 = Debug|Any CPU
		{0EB8023F-02A1-4D1E-BB63-BF5DF847520A}.Release|Any CPU.ActiveCfg = Release|Any CPU
		{0EB8023F-02A1-4D1E-BB63-BF5DF847520A}.Release|Any CPU.Build.0 = Release|Any CPU
		{0EB8023F-02A1-4D1E-BB63-BF5DF847520A}.Test|Any CPU.ActiveCfg = Release|Any CPU
		{0EB8023F-02A1-4D1E-BB63-BF5DF847520A}.Test|Any CPU.Build.0 = Release|Any CPU
		{331709DB-2A63-404C-BC71-F44A5EFDCE60}.Contract|Any CPU.ActiveCfg = Release|Any CPU
		{331709DB-2A63-404C-BC71-F44A5EFDCE60}.Contract|Any CPU.Build.0 = Release|Any CPU
		{331709DB-2A63-404C-BC71-F44A5EFDCE60}.Debug|Any CPU.ActiveCfg = Debug|Any CPU
		{331709DB-2A63-404C-BC71-F44A5EFDCE60}.Debug|Any CPU.Build.0 = Debug|Any CPU
		{331709DB-2A63-404C-BC71-F44A5EFDCE60}.Release|Any CPU.ActiveCfg = Release|Any CPU
		{331709DB-2A63-404C-BC71-F44A5EFDCE60}.Release|Any CPU.Build.0 = Release|Any CPU
		{331709DB-2A63-404C-BC71-F44A5EFDCE60}.Test|Any CPU.ActiveCfg = Release|Any CPU
		{331709DB-2A63-404C-BC71-F44A5EFDCE60}.Test|Any CPU.Build.0 = Release|Any CPU
	EndGlobalSection
	GlobalSection(SolutionProperties) = preSolution
		HideSolutionNode = FALSE
	EndGlobalSection
EndGlobal
